
Microsoft Visual Studio Solution File, Format Version 12.00
# Visual Studio Version 17
VisualStudioVersion = 17.0.32126.317
MinimumVisualStudioVersion = 10.0.40219.1
Project("{FAE04EC0-301F-11D3-BF4B-00C04F79EFBC}") = "task1", "task1\task1.csproj", "{A2997DF9-DBD2-47E9-8678-AF92B16A3AA4}"
EndProject
Project("{FAE04EC0-301F-11D3-BF4B-00C04F79EFBC}") = "task2", "task2\task2.csproj", "{0B03D770-0ABA-4A4F-9C63-A0119143B69C}"
EndProject
Project("{FAE04EC0-301F-11D3-BF4B-00C04F79EFBC}") = "task3", "task3\task3.csproj", "{304331C3-7B5D-4A09-9D19-02E991B7426F}"
EndProject
Project("{FAE04EC0-301F-11D3-BF4B-00C04F79EFBC}") = "task1Tests", "task1Tests\task1Tests.csproj", "{DBFF586D-BACA-40CA-BF20-89C43B4F10A2}"
EndProject
Project("{FAE04EC0-301F-11D3-BF4B-00C04F79EFBC}") = "task2Tests", "task2Tests\task2Tests.csproj", "{77B128BC-ED70-4F23-8BDD-0F0F0616E4EE}"
EndProject
Project("{FAE04EC0-301F-11D3-BF4B-00C04F79EFBC}") = "task3Tests", "task3Tests\task3Tests.csproj", "{10805249-F165-4D25-8659-427236EDE413}"
EndProject
Global
	GlobalSection(SolutionConfigurationPlatforms) = preSolution
		Debug|Any CPU = Debug|Any CPU
		Release|Any CPU = Release|Any CPU
	EndGlobalSection
	GlobalSection(ProjectConfigurationPlatforms) = postSolution
		{A2997DF9-DBD2-47E9-8678-AF92B16A3AA4}.Debug|Any CPU.ActiveCfg = Debug|Any CPU
		{A2997DF9-DBD2-47E9-8678-AF92B16A3AA4}.Debug|Any CPU.Build.0 = Debug|Any CPU
		{A2997DF9-DBD2-47E9-8678-AF92B16A3AA4}.Release|Any CPU.ActiveCfg = Release|Any CPU
		{A2997DF9-DBD2-47E9-8678-AF92B16A3AA4}.Release|Any CPU.Build.0 = Release|Any CPU
		{0B03D770-0ABA-4A4F-9C63-A0119143B69C}.Debug|Any CPU.ActiveCfg = Debug|Any CPU
		{0B03D770-0ABA-4A4F-9C63-A0119143B69C}.Debug|Any CPU.Build.0 = Debug|Any CPU
		{0B03D770-0ABA-4A4F-9C63-A0119143B69C}.Release|Any CPU.ActiveCfg = Release|Any CPU
		{0B03D770-0ABA-4A4F-9C63-A0119143B69C}.Release|Any CPU.Build.0 = Release|Any CPU
		{304331C3-7B5D-4A09-9D19-02E991B7426F}.Debug|Any CPU.ActiveCfg = Debug|Any CPU
		{304331C3-7B5D-4A09-9D19-02E991B7426F}.Debug|Any CPU.Build.0 = Debug|Any CPU
		{304331C3-7B5D-4A09-9D19-02E991B7426F}.Release|Any CPU.ActiveCfg = Release|Any CPU
		{304331C3-7B5D-4A09-9D19-02E991B7426F}.Release|Any CPU.Build.0 = Release|Any CPU
		{DBFF586D-BACA-40CA-BF20-89C43B4F10A2}.Debug|Any CPU.ActiveCfg = Debug|Any CPU
		{DBFF586D-BACA-40CA-BF20-89C43B4F10A2}.Debug|Any CPU.Build.0 = Debug|Any CPU
		{DBFF586D-BACA-40CA-BF20-89C43B4F10A2}.Release|Any CPU.ActiveCfg = Release|Any CPU
		{DBFF586D-BACA-40CA-BF20-89C43B4F10A2}.Release|Any CPU.Build.0 = Release|Any CPU
		{77B128BC-ED70-4F23-8BDD-0F0F0616E4EE}.Debug|Any CPU.ActiveCfg = Debug|Any CPU
		{77B128BC-ED70-4F23-8BDD-0F0F0616E4EE}.Debug|Any CPU.Build.0 = Debug|Any CPU
		{77B128BC-ED70-4F23-8BDD-0F0F0616E4EE}.Release|Any CPU.ActiveCfg = Release|Any CPU
		{77B128BC-ED70-4F23-8BDD-0F0F0616E4EE}.Release|Any CPU.Build.0 = Release|Any CPU
		{10805249-F165-4D25-8659-427236EDE413}.Debug|Any CPU.ActiveCfg = Debug|Any CPU
		{10805249-F165-4D25-8659-427236EDE413}.Debug|Any CPU.Build.0 = Debug|Any CPU
		{10805249-F165-4D25-8659-427236EDE413}.Release|Any CPU.ActiveCfg = Release|Any CPU
		{10805249-F165-4D25-8659-427236EDE413}.Release|Any CPU.Build.0 = Release|Any CPU
	EndGlobalSection
	GlobalSection(SolutionProperties) = preSolution
		HideSolutionNode = FALSE
	EndGlobalSection
	GlobalSection(ExtensibilityGlobals) = postSolution
		SolutionGuid = {2F907F4A-CAFA-45C1-92E2-771854D712FD}
	EndGlobalSection
EndGlobal
