
Microsoft Visual Studio Solution File, Format Version 12.00
# Visual Studio Version 17
VisualStudioVersion = 17.1.32407.343
MinimumVisualStudioVersion = 10.0.40219.1
Project("{FAE04EC0-301F-11D3-BF4B-00C04F79EFBC}") = "Lab8", "Lab8\Lab8.csproj", "{17967AF1-AE39-48DF-9D13-19BB7ED2EDA7}"
EndProject
Project("{FAE04EC0-301F-11D3-BF4B-00C04F79EFBC}") = "Lab8Tests", "Lab8Tests\Lab8Tests.csproj", "{F8685DF4-51DA-409F-9D60-CD7F3E9CFD59}"
EndProject
Global
	GlobalSection(SolutionConfigurationPlatforms) = preSolution
		Debug|Any CPU = Debug|Any CPU
		Release|Any CPU = Release|Any CPU
	EndGlobalSection
	GlobalSection(ProjectConfigurationPlatforms) = postSolution
		{17967AF1-AE39-48DF-9D13-19BB7ED2EDA7}.Debug|Any CPU.ActiveCfg = Debug|Any CPU
		{17967AF1-AE39-48DF-9D13-19BB7ED2EDA7}.Debug|Any CPU.Build.0 = Debug|Any CPU
		{17967AF1-AE39-48DF-9D13-19BB7ED2EDA7}.Release|Any CPU.ActiveCfg = Release|Any CPU
		{17967AF1-AE39-48DF-9D13-19BB7ED2EDA7}.Release|Any CPU.Build.0 = Release|Any CPU
		{F8685DF4-51DA-409F-9D60-CD7F3E9CFD59}.Debug|Any CPU.ActiveCfg = Debug|Any CPU
		{F8685DF4-51DA-409F-9D60-CD7F3E9CFD59}.Debug|Any CPU.Build.0 = Debug|Any CPU
		{F8685DF4-51DA-409F-9D60-CD7F3E9CFD59}.Release|Any CPU.ActiveCfg = Release|Any CPU
		{F8685DF4-51DA-409F-9D60-CD7F3E9CFD59}.Release|Any CPU.Build.0 = Release|Any CPU
	EndGlobalSection
	GlobalSection(SolutionProperties) = preSolution
		HideSolutionNode = FALSE
	EndGlobalSection
	GlobalSection(ExtensibilityGlobals) = postSolution
		SolutionGuid = {2AA6D717-BDA2-4BE3-AD5D-71BD005D2C5E}
	EndGlobalSection
EndGlobal
